
Microsoft Visual Studio Solution File, Format Version 12.00
# Visual Studio 15
Project("{FAE04EC0-301F-11D3-BF4B-00C04F79EFBC}") = "KMP", "KMP\KMP.csproj", "{B522B50B-C483-4E1B-AB2D-92725B634D07}"
EndProject
Global
	GlobalSection(SolutionConfigurationPlatforms) = preSolution
		Debug|Any CPU = Debug|Any CPU
		Release|Any CPU = Release|Any CPU
	EndGlobalSection
	GlobalSection(ProjectConfigurationPlatforms) = postSolution
		{B522B50B-C483-4E1B-AB2D-92725B634D07}.Debug|Any CPU.ActiveCfg = Debug|Any CPU
		{B522B50B-C483-4E1B-AB2D-92725B634D07}.Debug|Any CPU.Build.0 = Debug|Any CPU
		{B522B50B-C483-4E1B-AB2D-92725B634D07}.Release|Any CPU.ActiveCfg = Release|Any CPU
		{B522B50B-C483-4E1B-AB2D-92725B634D07}.Release|Any CPU.Build.0 = Release|Any CPU
	EndGlobalSection
EndGlobal
